
Microsoft Visual Studio Solution File, Format Version 12.00
# Visual Studio Version 16
VisualStudioVersion = 16.0.30517.126
MinimumVisualStudioVersion = 10.0.40219.1
Project("{9A19103F-16F7-4668-BE54-9A1E7A4F7556}") = "Utils.Core", "Utils.Core\Utils.Core.csproj", "{D49526DA-F6F6-4BB3-963F-C5B61A824A34}"
EndProject
Project("{9A19103F-16F7-4668-BE54-9A1E7A4F7556}") = "Utils.Cipher", "Utils.Cipher\Utils.Cipher.csproj", "{94322226-B1F7-4598-A38D-096200BC479C}"
EndProject
Project("{9A19103F-16F7-4668-BE54-9A1E7A4F7556}") = "Utils.Db", "Utils.Db\Utils.Db.csproj", "{49A6BFDF-388F-493F-8985-180E13C57168}"
EndProject
Project("{FAE04EC0-301F-11D3-BF4B-00C04F79EFBC}") = "ExampleApi", "ExampleApi\ExampleApi.csproj", "{02F271B3-65CC-4EAF-852D-8793200CEF22}"
EndProject
Global
	GlobalSection(SolutionConfigurationPlatforms) = preSolution
		Debug|Any CPU = Debug|Any CPU
		Release|Any CPU = Release|Any CPU
	EndGlobalSection
	GlobalSection(ProjectConfigurationPlatforms) = postSolution
		{D49526DA-F6F6-4BB3-963F-C5B61A824A34}.Debug|Any CPU.ActiveCfg = Debug|Any CPU
		{D49526DA-F6F6-4BB3-963F-C5B61A824A34}.Debug|Any CPU.Build.0 = Debug|Any CPU
		{D49526DA-F6F6-4BB3-963F-C5B61A824A34}.Release|Any CPU.ActiveCfg = Release|Any CPU
		{D49526DA-F6F6-4BB3-963F-C5B61A824A34}.Release|Any CPU.Build.0 = Release|Any CPU
		{94322226-B1F7-4598-A38D-096200BC479C}.Debug|Any CPU.ActiveCfg = Debug|Any CPU
		{94322226-B1F7-4598-A38D-096200BC479C}.Debug|Any CPU.Build.0 = Debug|Any CPU
		{94322226-B1F7-4598-A38D-096200BC479C}.Release|Any CPU.ActiveCfg = Release|Any CPU
		{94322226-B1F7-4598-A38D-096200BC479C}.Release|Any CPU.Build.0 = Release|Any CPU
		{49A6BFDF-388F-493F-8985-180E13C57168}.Debug|Any CPU.ActiveCfg = Debug|Any CPU
		{49A6BFDF-388F-493F-8985-180E13C57168}.Debug|Any CPU.Build.0 = Debug|Any CPU
		{49A6BFDF-388F-493F-8985-180E13C57168}.Release|Any CPU.ActiveCfg = Release|Any CPU
		{49A6BFDF-388F-493F-8985-180E13C57168}.Release|Any CPU.Build.0 = Release|Any CPU
		{02F271B3-65CC-4EAF-852D-8793200CEF22}.Debug|Any CPU.ActiveCfg = Debug|Any CPU
		{02F271B3-65CC-4EAF-852D-8793200CEF22}.Debug|Any CPU.Build.0 = Debug|Any CPU
		{02F271B3-65CC-4EAF-852D-8793200CEF22}.Release|Any CPU.ActiveCfg = Release|Any CPU
		{02F271B3-65CC-4EAF-852D-8793200CEF22}.Release|Any CPU.Build.0 = Release|Any CPU
	EndGlobalSection
	GlobalSection(SolutionProperties) = preSolution
		HideSolutionNode = FALSE
	EndGlobalSection
	GlobalSection(ExtensibilityGlobals) = postSolution
		SolutionGuid = {B363DE90-1805-409C-A51F-2E0373B17CD5}
	EndGlobalSection
EndGlobal
